
Microsoft Visual Studio Solution File, Format Version 12.00
# Visual Studio 15
VisualStudioVersion = 15.0.28307.168
MinimumVisualStudioVersion = 10.0.40219.1
Project("{FAE04EC0-301F-11D3-BF4B-00C04F79EFBC}") = "nWorkFlow", "nWorkFlow\nWorkFlow.csproj", "{F1709039-660F-482D-8922-57CA5C084B81}"
EndProject
Project("{FAE04EC0-301F-11D3-BF4B-00C04F79EFBC}") = "nWorkFlow.Test", "nWorkFlow.Test\nWorkFlow.Test.csproj", "{001C6655-0F8E-4CC7-9B8D-800874B2A187}"
EndProject
Global
	GlobalSection(SolutionConfigurationPlatforms) = preSolution
		Debug|Any CPU = Debug|Any CPU
		Release|Any CPU = Release|Any CPU
	EndGlobalSection
	GlobalSection(ProjectConfigurationPlatforms) = postSolution
		{F1709039-660F-482D-8922-57CA5C084B81}.Debug|Any CPU.ActiveCfg = Debug|Any CPU
		{F1709039-660F-482D-8922-57CA5C084B81}.Debug|Any CPU.Build.0 = Debug|Any CPU
		{F1709039-660F-482D-8922-57CA5C084B81}.Release|Any CPU.ActiveCfg = Release|Any CPU
		{F1709039-660F-482D-8922-57CA5C084B81}.Release|Any CPU.Build.0 = Release|Any CPU
		{001C6655-0F8E-4CC7-9B8D-800874B2A187}.Debug|Any CPU.ActiveCfg = Debug|Any CPU
		{001C6655-0F8E-4CC7-9B8D-800874B2A187}.Debug|Any CPU.Build.0 = Debug|Any CPU
		{001C6655-0F8E-4CC7-9B8D-800874B2A187}.Release|Any CPU.ActiveCfg = Release|Any CPU
		{001C6655-0F8E-4CC7-9B8D-800874B2A187}.Release|Any CPU.Build.0 = Release|Any CPU
	EndGlobalSection
	GlobalSection(SolutionProperties) = preSolution
		HideSolutionNode = FALSE
	EndGlobalSection
	GlobalSection(ExtensibilityGlobals) = postSolution
		SolutionGuid = {FA0B4889-4981-4657-AE0E-4E37C6B709D5}
	EndGlobalSection
EndGlobal
